
Microsoft Visual Studio Solution File, Format Version 12.00
# Visual Studio Version 17
VisualStudioVersion = 17.3.32811.315
MinimumVisualStudioVersion = 10.0.40219.1
Project("{FAE04EC0-301F-11D3-BF4B-00C04F79EFBC}") = "WebApplication1", "WebApplication1\WebApplication1.csproj", "{691C6AC1-7623-4BB4-9077-46686023AF6E}"
EndProject
Global
	GlobalSection(SolutionConfigurationPlatforms) = preSolution
		Debug|Any CPU = Debug|Any CPU
		Release|Any CPU = Release|Any CPU
	EndGlobalSection
	GlobalSection(ProjectConfigurationPlatforms) = postSolution
		{691C6AC1-7623-4BB4-9077-46686023AF6E}.Debug|Any CPU.ActiveCfg = Debug|Any CPU
		{691C6AC1-7623-4BB4-9077-46686023AF6E}.Debug|Any CPU.Build.0 = Debug|Any CPU
		{691C6AC1-7623-4BB4-9077-46686023AF6E}.Release|Any CPU.ActiveCfg = Release|Any CPU
		{691C6AC1-7623-4BB4-9077-46686023AF6E}.Release|Any CPU.Build.0 = Release|Any CPU
	EndGlobalSection
	GlobalSection(SolutionProperties) = preSolution
		HideSolutionNode = FALSE
	EndGlobalSection
	GlobalSection(ExtensibilityGlobals) = postSolution
		SolutionGuid = {3CA85A6A-6900-42DA-842A-FD15BF312625}
	EndGlobalSection
EndGlobal
